// !$*UTF8*$!
{
	archiveVersion = 1;
	classes = {
	};
	objectVersion = 46;
	objects = {

/* Begin PBXBuildFile section */
		8E2A2E894B3C8ACC9C507432 /* Pods_PhotoSNS.framework in Frameworks */ = {isa = PBXBuildFile; fileRef = 4140FB384EC2C9CBDCB5C155 /* Pods_PhotoSNS.framework */; };
		95102EE81E4C78BE004366AA /* AdobeCreativeSDKCore.framework in Frameworks */ = {isa = PBXBuildFile; fileRef = 95102EE41E4C785D004366AA /* AdobeCreativeSDKCore.framework */; };
		95102EE91E4C78BE004366AA /* AdobeCreativeSDKCore.framework in Embed Frameworks */ = {isa = PBXBuildFile; fileRef = 95102EE41E4C785D004366AA /* AdobeCreativeSDKCore.framework */; settings = {ATTRIBUTES = (CodeSignOnCopy, RemoveHeadersOnCopy, ); }; };
		95102EEA1E4C78BE004366AA /* AdobeCreativeSDKImage.framework in Frameworks */ = {isa = PBXBuildFile; fileRef = 95102EE51E4C785D004366AA /* AdobeCreativeSDKImage.framework */; };
		95102EEB1E4C78BE004366AA /* AdobeCreativeSDKImage.framework in Embed Frameworks */ = {isa = PBXBuildFile; fileRef = 95102EE51E4C785D004366AA /* AdobeCreativeSDKImage.framework */; settings = {ATTRIBUTES = (CodeSignOnCopy, RemoveHeadersOnCopy, ); }; };
		95102EEE1E4C795F004366AA /* libc++.tbd in Frameworks */ = {isa = PBXBuildFile; fileRef = 95102EED1E4C795F004366AA /* libc++.tbd */; };
		95102EF01E4C79BC004366AA /* libz.tbd in Frameworks */ = {isa = PBXBuildFile; fileRef = 95102EEF1E4C79BC004366AA /* libz.tbd */; };
		95102EF21E4C79DF004366AA /* libz.1.2.5.tbd in Frameworks */ = {isa = PBXBuildFile; fileRef = 95102EF11E4C79DF004366AA /* libz.1.2.5.tbd */; };
		95102EF41E4C79EA004366AA /* libsqlite3.0.tbd in Frameworks */ = {isa = PBXBuildFile; fileRef = 95102EF31E4C79EA004366AA /* libsqlite3.0.tbd */; };
		95102EF61E4C79F9004366AA /* MobileCoreServices.framework in Frameworks */ = {isa = PBXBuildFile; fileRef = 95102EF51E4C79F9004366AA /* MobileCoreServices.framework */; };
		95102EF81E4C7A01004366AA /* SystemConfiguration.framework in Frameworks */ = {isa = PBXBuildFile; fileRef = 95102EF71E4C7A01004366AA /* SystemConfiguration.framework */; };
		95102EFA1E4C7A0B004366AA /* Accelerate.framework in Frameworks */ = {isa = PBXBuildFile; fileRef = 95102EF91E4C7A0B004366AA /* Accelerate.framework */; };
		95102EFC1E4C7A14004366AA /* CoreData.framework in Frameworks */ = {isa = PBXBuildFile; fileRef = 95102EFB1E4C7A14004366AA /* CoreData.framework */; };
		95102EFE1E4C7A1D004366AA /* MessageUI.framework in Frameworks */ = {isa = PBXBuildFile; fileRef = 95102EFD1E4C7A1D004366AA /* MessageUI.framework */; };
		95102F001E4C7A29004366AA /* OpenGLES.framework in Frameworks */ = {isa = PBXBuildFile; fileRef = 95102EFF1E4C7A29004366AA /* OpenGLES.framework */; };
		95102F021E4C7A34004366AA /* QuartzCore.framework in Frameworks */ = {isa = PBXBuildFile; fileRef = 95102F011E4C7A34004366AA /* QuartzCore.framework */; };
		952499881E4827E9006353C0 /* AppDelegate.swift in Sources */ = {isa = PBXBuildFile; fileRef = 952499871E4827E9006353C0 /* AppDelegate.swift */; };
		9524998A1E4827E9006353C0 /* ViewController.swift in Sources */ = {isa = PBXBuildFile; fileRef = 952499891E4827E9006353C0 /* ViewController.swift */; };
		9524998D1E4827E9006353C0 /* Main.storyboard in Resources */ = {isa = PBXBuildFile; fileRef = 9524998B1E4827E9006353C0 /* Main.storyboard */; };
		9524998F1E4827E9006353C0 /* Assets.xcassets in Resources */ = {isa = PBXBuildFile; fileRef = 9524998E1E4827E9006353C0 /* Assets.xcassets */; };
		952499921E4827E9006353C0 /* LaunchScreen.storyboard in Resources */ = {isa = PBXBuildFile; fileRef = 952499901E4827E9006353C0 /* LaunchScreen.storyboard */; };
		9524999A1E482AC5006353C0 /* HomeViewController.swift in Sources */ = {isa = PBXBuildFile; fileRef = 952499991E482AC5006353C0 /* HomeViewController.swift */; };
		9524999C1E482ADF006353C0 /* ImageSelectViewController.swift in Sources */ = {isa = PBXBuildFile; fileRef = 9524999B1E482ADF006353C0 /* ImageSelectViewController.swift */; };
		9524999E1E482AEC006353C0 /* PostViewController.swift in Sources */ = {isa = PBXBuildFile; fileRef = 9524999D1E482AEC006353C0 /* PostViewController.swift */; };
		952499A01E482AF9006353C0 /* SettingViewController.swift in Sources */ = {isa = PBXBuildFile; fileRef = 9524999F1E482AF9006353C0 /* SettingViewController.swift */; };
		952499A41E485F2C006353C0 /* LoginViewController.swift in Sources */ = {isa = PBXBuildFile; fileRef = 952499A31E485F2C006353C0 /* LoginViewController.swift */; };
		952499A61E4864A0006353C0 /* GoogleService-Info.plist in Resources */ = {isa = PBXBuildFile; fileRef = 952499A51E4864A0006353C0 /* GoogleService-Info.plist */; };
/* End PBXBuildFile section */

/* Begin PBXCopyFilesBuildPhase section */
		95102EEC1E4C78BE004366AA /* Embed Frameworks */ = {
			isa = PBXCopyFilesBuildPhase;
			buildActionMask = 2147483647;
			dstPath = "";
			dstSubfolderSpec = 10;
			files = (
				95102EEB1E4C78BE004366AA /* AdobeCreativeSDKImage.framework in Embed Frameworks */,
				95102EE91E4C78BE004366AA /* AdobeCreativeSDKCore.framework in Embed Frameworks */,
			);
			name = "Embed Frameworks";
			runOnlyForDeploymentPostprocessing = 0;
		};
/* End PBXCopyFilesBuildPhase section */

/* Begin PBXFileReference section */
		172559E899AF6DE8BFDBD366 /* Pods-PhotoSNS.release.xcconfig */ = {isa = PBXFileReference; includeInIndex = 1; lastKnownFileType = text.xcconfig; name = "Pods-PhotoSNS.release.xcconfig"; path = "Pods/Target Support Files/Pods-PhotoSNS/Pods-PhotoSNS.release.xcconfig"; sourceTree = "<group>"; };
		35AEEF072333330C17486D08 /* Pods-PhotoSNS.debug.xcconfig */ = {isa = PBXFileReference; includeInIndex = 1; lastKnownFileType = text.xcconfig; name = "Pods-PhotoSNS.debug.xcconfig"; path = "Pods/Target Support Files/Pods-PhotoSNS/Pods-PhotoSNS.debug.xcconfig"; sourceTree = "<group>"; };
		4140FB384EC2C9CBDCB5C155 /* Pods_PhotoSNS.framework */ = {isa = PBXFileReference; explicitFileType = wrapper.framework; includeInIndex = 0; path = Pods_PhotoSNS.framework; sourceTree = BUILT_PRODUCTS_DIR; };
		95102EE41E4C785D004366AA /* AdobeCreativeSDKCore.framework */ = {isa = PBXFileReference; lastKnownFileType = wrapper.framework; name = AdobeCreativeSDKCore.framework; path = ../AdobeCreativeSDKCore.framework; sourceTree = "<group>"; };
		95102EE51E4C785D004366AA /* AdobeCreativeSDKImage.framework */ = {isa = PBXFileReference; lastKnownFileType = wrapper.framework; name = AdobeCreativeSDKImage.framework; path = ../AdobeCreativeSDKImage.framework; sourceTree = "<group>"; };
		95102EED1E4C795F004366AA /* libc++.tbd */ = {isa = PBXFileReference; lastKnownFileType = "sourcecode.text-based-dylib-definition"; name = "libc++.tbd"; path = "usr/lib/libc++.tbd"; sourceTree = SDKROOT; };
		95102EEF1E4C79BC004366AA /* libz.tbd */ = {isa = PBXFileReference; lastKnownFileType = "sourcecode.text-based-dylib-definition"; name = libz.tbd; path = usr/lib/libz.tbd; sourceTree = SDKROOT; };
		95102EF11E4C79DF004366AA /* libz.1.2.5.tbd */ = {isa = PBXFileReference; lastKnownFileType = "sourcecode.text-based-dylib-definition"; name = libz.1.2.5.tbd; path = usr/lib/libz.1.2.5.tbd; sourceTree = SDKROOT; };
		95102EF31E4C79EA004366AA /* libsqlite3.0.tbd */ = {isa = PBXFileReference; lastKnownFileType = "sourcecode.text-based-dylib-definition"; name = libsqlite3.0.tbd; path = usr/lib/libsqlite3.0.tbd; sourceTree = SDKROOT; };
		95102EF51E4C79F9004366AA /* MobileCoreServices.framework */ = {isa = PBXFileReference; lastKnownFileType = wrapper.framework; name = MobileCoreServices.framework; path = System/Library/Frameworks/MobileCoreServices.framework; sourceTree = SDKROOT; };
		95102EF71E4C7A01004366AA /* SystemConfiguration.framework */ = {isa = PBXFileReference; lastKnownFileType = wrapper.framework; name = SystemConfiguration.framework; path = System/Library/Frameworks/SystemConfiguration.framework; sourceTree = SDKROOT; };
		95102EF91E4C7A0B004366AA /* Accelerate.framework */ = {isa = PBXFileReference; lastKnownFileType = wrapper.framework; name = Accelerate.framework; path = System/Library/Frameworks/Accelerate.framework; sourceTree = SDKROOT; };
		95102EFB1E4C7A14004366AA /* CoreData.framework */ = {isa = PBXFileReference; lastKnownFileType = wrapper.framework; name = CoreData.framework; path = System/Library/Frameworks/CoreData.framework; sourceTree = SDKROOT; };
		95102EFD1E4C7A1D004366AA /* MessageUI.framework */ = {isa = PBXFileReference; lastKnownFileType = wrapper.framework; name = MessageUI.framework; path = System/Library/Frameworks/MessageUI.framework; sourceTree = SDKROOT; };
		95102EFF1E4C7A29004366AA /* OpenGLES.framework */ = {isa = PBXFileReference; lastKnownFileType = wrapper.framework; name = OpenGLES.framework; path = System/Library/Frameworks/OpenGLES.framework; sourceTree = SDKROOT; };
		95102F011E4C7A34004366AA /* QuartzCore.framework */ = {isa = PBXFileReference; lastKnownFileType = wrapper.framework; name = QuartzCore.framework; path = System/Library/Frameworks/QuartzCore.framework; sourceTree = SDKROOT; };
		95102F041E4C7B8D004366AA /* PhotoSNS-bridging-Header.h */ = {isa = PBXFileReference; lastKnownFileType = sourcecode.c.h; path = "PhotoSNS-bridging-Header.h"; sourceTree = "<group>"; };
		952499841E4827E9006353C0 /* PhotoSNS.app */ = {isa = PBXFileReference; explicitFileType = wrapper.application; includeInIndex = 0; path = PhotoSNS.app; sourceTree = BUILT_PRODUCTS_DIR; };
		952499871E4827E9006353C0 /* AppDelegate.swift */ = {isa = PBXFileReference; lastKnownFileType = sourcecode.swift; path = AppDelegate.swift; sourceTree = "<group>"; };
		952499891E4827E9006353C0 /* ViewController.swift */ = {isa = PBXFileReference; lastKnownFileType = sourcecode.swift; path = ViewController.swift; sourceTree = "<group>"; };
		9524998C1E4827E9006353C0 /* Base */ = {isa = PBXFileReference; lastKnownFileType = file.storyboard; name = Base; path = Base.lproj/Main.storyboard; sourceTree = "<group>"; };
		9524998E1E4827E9006353C0 /* Assets.xcassets */ = {isa = PBXFileReference; lastKnownFileType = folder.assetcatalog; path = Assets.xcassets; sourceTree = "<group>"; };
		952499911E4827E9006353C0 /* Base */ = {isa = PBXFileReference; lastKnownFileType = file.storyboard; name = Base; path = Base.lproj/LaunchScreen.storyboard; sourceTree = "<group>"; };
		952499931E4827E9006353C0 /* Info.plist */ = {isa = PBXFileReference; lastKnownFileType = text.plist.xml; path = Info.plist; sourceTree = "<group>"; };
		952499991E482AC5006353C0 /* HomeViewController.swift */ = {isa = PBXFileReference; fileEncoding = 4; lastKnownFileType = sourcecode.swift; path = HomeViewController.swift; sourceTree = "<group>"; };
		9524999B1E482ADF006353C0 /* ImageSelectViewController.swift */ = {isa = PBXFileReference; fileEncoding = 4; lastKnownFileType = sourcecode.swift; path = ImageSelectViewController.swift; sourceTree = "<group>"; };
		9524999D1E482AEC006353C0 /* PostViewController.swift */ = {isa = PBXFileReference; fileEncoding = 4; lastKnownFileType = sourcecode.swift; path = PostViewController.swift; sourceTree = "<group>"; };
		9524999F1E482AF9006353C0 /* SettingViewController.swift */ = {isa = PBXFileReference; fileEncoding = 4; lastKnownFileType = sourcecode.swift; path = SettingViewController.swift; sourceTree = "<group>"; };
		952499A31E485F2C006353C0 /* LoginViewController.swift */ = {isa = PBXFileReference; fileEncoding = 4; lastKnownFileType = sourcecode.swift; path = LoginViewController.swift; sourceTree = "<group>"; };
		952499A51E4864A0006353C0 /* GoogleService-Info.plist */ = {isa = PBXFileReference; fileEncoding = 4; lastKnownFileType = text.plist.xml; name = "GoogleService-Info.plist"; path = "../GoogleService-Info.plist"; sourceTree = "<group>"; };
/* End PBXFileReference section */

/* Begin PBXFrameworksBuildPhase section */
		952499811E4827E8006353C0 /* Frameworks */ = {
			isa = PBXFrameworksBuildPhase;
			buildActionMask = 2147483647;
			files = (
				95102F021E4C7A34004366AA /* QuartzCore.framework in Frameworks */,
				95102F001E4C7A29004366AA /* OpenGLES.framework in Frameworks */,
				95102EFE1E4C7A1D004366AA /* MessageUI.framework in Frameworks */,
				95102EFC1E4C7A14004366AA /* CoreData.framework in Frameworks */,
				95102EFA1E4C7A0B004366AA /* Accelerate.framework in Frameworks */,
				95102EF81E4C7A01004366AA /* SystemConfiguration.framework in Frameworks */,
				95102EF61E4C79F9004366AA /* MobileCoreServices.framework in Frameworks */,
				95102EF41E4C79EA004366AA /* libsqlite3.0.tbd in Frameworks */,
				95102EF21E4C79DF004366AA /* libz.1.2.5.tbd in Frameworks */,
				95102EF01E4C79BC004366AA /* libz.tbd in Frameworks */,
				95102EEE1E4C795F004366AA /* libc++.tbd in Frameworks */,
				8E2A2E894B3C8ACC9C507432 /* Pods_PhotoSNS.framework in Frameworks */,
				95102EEA1E4C78BE004366AA /* AdobeCreativeSDKImage.framework in Frameworks */,
				95102EE81E4C78BE004366AA /* AdobeCreativeSDKCore.framework in Frameworks */,
			);
			runOnlyForDeploymentPostprocessing = 0;
		};
/* End PBXFrameworksBuildPhase section */

/* Begin PBXGroup section */
		3CF0D01504943CAD3FCA7117 /* Pods */ = {
			isa = PBXGroup;
			children = (
				35AEEF072333330C17486D08 /* Pods-PhotoSNS.debug.xcconfig */,
				172559E899AF6DE8BFDBD366 /* Pods-PhotoSNS.release.xcconfig */,
			);
			name = Pods;
			sourceTree = "<group>";
		};
		9524997B1E4827E8006353C0 = {
			isa = PBXGroup;
			children = (
				95102F041E4C7B8D004366AA /* PhotoSNS-bridging-Header.h */,
				952499861E4827E9006353C0 /* PhotoSNS */,
				952499851E4827E9006353C0 /* Products */,
				3CF0D01504943CAD3FCA7117 /* Pods */,
				AD7922E3A034092F82565A2C /* Frameworks */,
			);
			sourceTree = "<group>";
		};
		952499851E4827E9006353C0 /* Products */ = {
			isa = PBXGroup;
			children = (
				952499841E4827E9006353C0 /* PhotoSNS.app */,
			);
			name = Products;
			sourceTree = "<group>";
		};
		952499861E4827E9006353C0 /* PhotoSNS */ = {
			isa = PBXGroup;
			children = (
				95102EE41E4C785D004366AA /* AdobeCreativeSDKCore.framework */,
				95102EE51E4C785D004366AA /* AdobeCreativeSDKImage.framework */,
				952499871E4827E9006353C0 /* AppDelegate.swift */,
				952499891E4827E9006353C0 /* ViewController.swift */,
				9524998B1E4827E9006353C0 /* Main.storyboard */,
				9524998E1E4827E9006353C0 /* Assets.xcassets */,
				952499901E4827E9006353C0 /* LaunchScreen.storyboard */,
				952499931E4827E9006353C0 /* Info.plist */,
				952499991E482AC5006353C0 /* HomeViewController.swift */,
				9524999B1E482ADF006353C0 /* ImageSelectViewController.swift */,
				9524999D1E482AEC006353C0 /* PostViewController.swift */,
				9524999F1E482AF9006353C0 /* SettingViewController.swift */,
				952499A31E485F2C006353C0 /* LoginViewController.swift */,
				952499A51E4864A0006353C0 /* GoogleService-Info.plist */,
			);
			path = PhotoSNS;
			sourceTree = "<group>";
		};
		AD7922E3A034092F82565A2C /* Frameworks */ = {
			isa = PBXGroup;
			children = (
				95102F011E4C7A34004366AA /* QuartzCore.framework */,
				95102EFF1E4C7A29004366AA /* OpenGLES.framework */,
				95102EFD1E4C7A1D004366AA /* MessageUI.framework */,
				95102EFB1E4C7A14004366AA /* CoreData.framework */,
				95102EF91E4C7A0B004366AA /* Accelerate.framework */,
				95102EF71E4C7A01004366AA /* SystemConfiguration.framework */,
				95102EF51E4C79F9004366AA /* MobileCoreServices.framework */,
				95102EF31E4C79EA004366AA /* libsqlite3.0.tbd */,
				95102EF11E4C79DF004366AA /* libz.1.2.5.tbd */,
				95102EEF1E4C79BC004366AA /* libz.tbd */,
				95102EED1E4C795F004366AA /* libc++.tbd */,
				4140FB384EC2C9CBDCB5C155 /* Pods_PhotoSNS.framework */,
			);
			name = Frameworks;
			sourceTree = "<group>";
		};
/* End PBXGroup section */

/* Begin PBXNativeTarget section */
		952499831E4827E8006353C0 /* PhotoSNS */ = {
			isa = PBXNativeTarget;
			buildConfigurationList = 952499961E4827E9006353C0 /* Build configuration list for PBXNativeTarget "PhotoSNS" */;
			buildPhases = (
				790AE82C21409F74AC3E76AD /* [CP] Check Pods Manifest.lock */,
				952499801E4827E8006353C0 /* Sources */,
				952499811E4827E8006353C0 /* Frameworks */,
				952499821E4827E8006353C0 /* Resources */,
				CFCDFD6974F49493F8CDE127 /* [CP] Embed Pods Frameworks */,
				A017E9521C874B90BBF499C8 /* [CP] Copy Pods Resources */,
				95102EEC1E4C78BE004366AA /* Embed Frameworks */,
				95102F031E4C7AD9004366AA /* ShellScript */,
			);
			buildRules = (
			);
			dependencies = (
			);
			name = PhotoSNS;
			productName = PhotoSNS;
			productReference = 952499841E4827E9006353C0 /* PhotoSNS.app */;
			productType = "com.apple.product-type.application";
		};
/* End PBXNativeTarget section */

/* Begin PBXProject section */
		9524997C1E4827E8006353C0 /* Project object */ = {
			isa = PBXProject;
			attributes = {
				LastSwiftUpdateCheck = 0820;
				LastUpgradeCheck = 0820;
				ORGANIZATIONNAME = "critical-bug";
				TargetAttributes = {
					952499831E4827E8006353C0 = {
						CreatedOnToolsVersion = 8.2.1;
						DevelopmentTeam = 6VUM75Z68A;
						ProvisioningStyle = Automatic;
					};
				};
			};
			buildConfigurationList = 9524997F1E4827E8006353C0 /* Build configuration list for PBXProject "PhotoSNS" */;
			compatibilityVersion = "Xcode 3.2";
			developmentRegion = English;
			hasScannedForEncodings = 0;
			knownRegions = (
				en,
				Base,
			);
			mainGroup = 9524997B1E4827E8006353C0;
			productRefGroup = 952499851E4827E9006353C0 /* Products */;
			projectDirPath = "";
			projectRoot = "";
			targets = (
				952499831E4827E8006353C0 /* PhotoSNS */,
			);
		};
/* End PBXProject section */

/* Begin PBXResourcesBuildPhase section */
		952499821E4827E8006353C0 /* Resources */ = {
			isa = PBXResourcesBuildPhase;
			buildActionMask = 2147483647;
			files = (
				952499921E4827E9006353C0 /* LaunchScreen.storyboard in Resources */,
				952499A61E4864A0006353C0 /* GoogleService-Info.plist in Resources */,
				9524998F1E4827E9006353C0 /* Assets.xcassets in Resources */,
				9524998D1E4827E9006353C0 /* Main.storyboard in Resources */,
			);
			runOnlyForDeploymentPostprocessing = 0;
		};
/* End PBXResourcesBuildPhase section */

/* Begin PBXShellScriptBuildPhase section */
		790AE82C21409F74AC3E76AD /* [CP] Check Pods Manifest.lock */ = {
			isa = PBXShellScriptBuildPhase;
			buildActionMask = 2147483647;
			files = (
			);
			inputPaths = (
			);
			name = "[CP] Check Pods Manifest.lock";
			outputPaths = (
			);
			runOnlyForDeploymentPostprocessing = 0;
			shellPath = /bin/sh;
			shellScript = "diff \"${PODS_ROOT}/../Podfile.lock\" \"${PODS_ROOT}/Manifest.lock\" > /dev/null\nif [ $? != 0 ] ; then\n    # print error to STDERR\n    echo \"error: The sandbox is not in sync with the Podfile.lock. Run 'pod install' or update your CocoaPods installation.\" >&2\n    exit 1\nfi\n";
			showEnvVarsInLog = 0;
		};
		95102F031E4C7AD9004366AA /* ShellScript */ = {
			isa = PBXShellScriptBuildPhase;
			buildActionMask = 2147483647;
			files = (
			);
			inputPaths = (
			);
			outputPaths = (
			);
			runOnlyForDeploymentPostprocessing = 0;
			shellPath = /bin/sh;
			shellScript = "\"${BUILT_PRODUCTS_DIR}/${FRAMEWORKS_FOLDER_PATH}/AdobeCreativeSDKCore.framework/strip-frameworks.sh\"";
		};
		A017E9521C874B90BBF499C8 /* [CP] Copy Pods Resources */ = {
			isa = PBXShellScriptBuildPhase;
			buildActionMask = 2147483647;
			files = (
			);
			inputPaths = (
			);
			name = "[CP] Copy Pods Resources";
			outputPaths = (
			);
			runOnlyForDeploymentPostprocessing = 0;
			shellPath = /bin/sh;
			shellScript = "\"${SRCROOT}/Pods/Target Support Files/Pods-PhotoSNS/Pods-PhotoSNS-resources.sh\"\n";
			showEnvVarsInLog = 0;
		};
		CFCDFD6974F49493F8CDE127 /* [CP] Embed Pods Frameworks */ = {
			isa = PBXShellScriptBuildPhase;
			buildActionMask = 2147483647;
			files = (
			);
			inputPaths = (
			);
			name = "[CP] Embed Pods Frameworks";
			outputPaths = (
			);
			runOnlyForDeploymentPostprocessing = 0;
			shellPath = /bin/sh;
			shellScript = "\"${SRCROOT}/Pods/Target Support Files/Pods-PhotoSNS/Pods-PhotoSNS-frameworks.sh\"\n";
			showEnvVarsInLog = 0;
		};
/* End PBXShellScriptBuildPhase section */

/* Begin PBXSourcesBuildPhase section */
		952499801E4827E8006353C0 /* Sources */ = {
			isa = PBXSourcesBuildPhase;
			buildActionMask = 2147483647;
			files = (
				9524999C1E482ADF006353C0 /* ImageSelectViewController.swift in Sources */,
				9524998A1E4827E9006353C0 /* ViewController.swift in Sources */,
				952499881E4827E9006353C0 /* AppDelegate.swift in Sources */,
				9524999A1E482AC5006353C0 /* HomeViewController.swift in Sources */,
				9524999E1E482AEC006353C0 /* PostViewController.swift in Sources */,
				952499A01E482AF9006353C0 /* SettingViewController.swift in Sources */,
				952499A41E485F2C006353C0 /* LoginViewController.swift in Sources */,
			);
			runOnlyForDeploymentPostprocessing = 0;
		};
/* End PBXSourcesBuildPhase section */

/* Begin PBXVariantGroup section */
		9524998B1E4827E9006353C0 /* Main.storyboard */ = {
			isa = PBXVariantGroup;
			children = (
				9524998C1E4827E9006353C0 /* Base */,
			);
			name = Main.storyboard;
			sourceTree = "<group>";
		};
		952499901E4827E9006353C0 /* LaunchScreen.storyboard */ = {
			isa = PBXVariantGroup;
			children = (
				952499911E4827E9006353C0 /* Base */,
			);
			name = LaunchScreen.storyboard;
			sourceTree = "<group>";
		};
/* End PBXVariantGroup section */

/* Begin XCBuildConfiguration section */
		952499941E4827E9006353C0 /* Debug */ = {
			isa = XCBuildConfiguration;
			buildSettings = {
				ALWAYS_SEARCH_USER_PATHS = NO;
				CLANG_ANALYZER_NONNULL = YES;
				CLANG_CXX_LANGUAGE_STANDARD = "gnu++0x";
				CLANG_CXX_LIBRARY = "libc++";
				CLANG_ENABLE_MODULES = YES;
				CLANG_ENABLE_OBJC_ARC = YES;
				CLANG_WARN_BOOL_CONVERSION = YES;
				CLANG_WARN_CONSTANT_CONVERSION = YES;
				CLANG_WARN_DIRECT_OBJC_ISA_USAGE = YES_ERROR;
				CLANG_WARN_DOCUMENTATION_COMMENTS = YES;
				CLANG_WARN_EMPTY_BODY = YES;
				CLANG_WARN_ENUM_CONVERSION = YES;
				CLANG_WARN_INFINITE_RECURSION = YES;
				CLANG_WARN_INT_CONVERSION = YES;
				CLANG_WARN_OBJC_ROOT_CLASS = YES_ERROR;
				CLANG_WARN_SUSPICIOUS_MOVE = YES;
				CLANG_WARN_UNREACHABLE_CODE = YES;
				CLANG_WARN__DUPLICATE_METHOD_MATCH = YES;
				"CODE_SIGN_IDENTITY[sdk=iphoneos*]" = "iPhone Developer";
				COPY_PHASE_STRIP = NO;
				DEBUG_INFORMATION_FORMAT = dwarf;
				ENABLE_STRICT_OBJC_MSGSEND = YES;
				ENABLE_TESTABILITY = YES;
				GCC_C_LANGUAGE_STANDARD = gnu99;
				GCC_DYNAMIC_NO_PIC = NO;
				GCC_NO_COMMON_BLOCKS = YES;
				GCC_OPTIMIZATION_LEVEL = 0;
				GCC_PREPROCESSOR_DEFINITIONS = (
					"DEBUG=1",
					"$(inherited)",
				);
				GCC_WARN_64_TO_32_BIT_CONVERSION = YES;
				GCC_WARN_ABOUT_RETURN_TYPE = YES_ERROR;
				GCC_WARN_UNDECLARED_SELECTOR = YES;
				GCC_WARN_UNINITIALIZED_AUTOS = YES_AGGRESSIVE;
				GCC_WARN_UNUSED_FUNCTION = YES;
				GCC_WARN_UNUSED_VARIABLE = YES;
				IPHONEOS_DEPLOYMENT_TARGET = 10.2;
				MTL_ENABLE_DEBUG_INFO = YES;
				ONLY_ACTIVE_ARCH = YES;
				SDKROOT = iphoneos;
				SWIFT_ACTIVE_COMPILATION_CONDITIONS = DEBUG;
				SWIFT_OPTIMIZATION_LEVEL = "-Onone";
			};
			name = Debug;
		};
		952499951E4827E9006353C0 /* Release */ = {
			isa = XCBuildConfiguration;
			buildSettings = {
				ALWAYS_SEARCH_USER_PATHS = NO;
				CLANG_ANALYZER_NONNULL = YES;
				CLANG_CXX_LANGUAGE_STANDARD = "gnu++0x";
				CLANG_CXX_LIBRARY = "libc++";
				CLANG_ENABLE_MODULES = YES;
				CLANG_ENABLE_OBJC_ARC = YES;
				CLANG_WARN_BOOL_CONVERSION = YES;
				CLANG_WARN_CONSTANT_CONVERSION = YES;
				CLANG_WARN_DIRECT_OBJC_ISA_USAGE = YES_ERROR;
				CLANG_WARN_DOCUMENTATION_COMMENTS = YES;
				CLANG_WARN_EMPTY_BODY = YES;
				CLANG_WARN_ENUM_CONVERSION = YES;
				CLANG_WARN_INFINITE_RECURSION = YES;
				CLANG_WARN_INT_CONVERSION = YES;
				CLANG_WARN_OBJC_ROOT_CLASS = YES_ERROR;
				CLANG_WARN_SUSPICIOUS_MOVE = YES;
				CLANG_WARN_UNREACHABLE_CODE = YES;
				CLANG_WARN__DUPLICATE_METHOD_MATCH = YES;
				"CODE_SIGN_IDENTITY[sdk=iphoneos*]" = "iPhone Developer";
				COPY_PHASE_STRIP = NO;
				DEBUG_INFORMATION_FORMAT = "dwarf-with-dsym";
				ENABLE_NS_ASSERTIONS = NO;
				ENABLE_STRICT_OBJC_MSGSEND = YES;
				GCC_C_LANGUAGE_STANDARD = gnu99;
				GCC_NO_COMMON_BLOCKS = YES;
				GCC_WARN_64_TO_32_BIT_CONVERSION = YES;
				GCC_WARN_ABOUT_RETURN_TYPE = YES_ERROR;
				GCC_WARN_UNDECLARED_SELECTOR = YES;
				GCC_WARN_UNINITIALIZED_AUTOS = YES_AGGRESSIVE;
				GCC_WARN_UNUSED_FUNCTION = YES;
				GCC_WARN_UNUSED_VARIABLE = YES;
				IPHONEOS_DEPLOYMENT_TARGET = 10.2;
				MTL_ENABLE_DEBUG_INFO = NO;
				SDKROOT = iphoneos;
				SWIFT_OPTIMIZATION_LEVEL = "-Owholemodule";
				VALIDATE_PRODUCT = YES;
			};
			name = Release;
		};
		952499971E4827E9006353C0 /* Debug */ = {
			isa = XCBuildConfiguration;
			baseConfigurationReference = 35AEEF072333330C17486D08 /* Pods-PhotoSNS.debug.xcconfig */;
			buildSettings = {
				ASSETCATALOG_COMPILER_APPICON_NAME = AppIcon;
				"CODE_SIGN_IDENTITY[sdk=iphoneos*]" = "iPhone Developer";
				DEVELOPMENT_TEAM = 6VUM75Z68A;
				FRAMEWORK_SEARCH_PATHS = (
					"$(inherited)",
					"$(PROJECT_DIR)",
				);
				INFOPLIST_FILE = PhotoSNS/Info.plist;
				LD_RUNPATH_SEARCH_PATHS = "$(inherited) @executable_path/Frameworks";
				PRODUCT_BUNDLE_IDENTIFIER = "jp.techacademy.critical-bug.PhotoSNS";
				PRODUCT_NAME = "$(TARGET_NAME)";
				SWIFT_OBJC_BRIDGING_HEADER = "PhotoSNS-bridging-Header.h";
				"SWIFT_OBJC_BRIDGING_HEADER[arch=*]" = "PhotoSNS-bridging-Header.h";
				SWIFT_VERSION = 3.0;
			};
			name = Debug;
		};
		952499981E4827E9006353C0 /* Release */ = {
			isa = XCBuildConfiguration;
			baseConfigurationReference = 172559E899AF6DE8BFDBD366 /* Pods-PhotoSNS.release.xcconfig */;
			buildSettings = {
				ASSETCATALOG_COMPILER_APPICON_NAME = AppIcon;
				"CODE_SIGN_IDENTITY[sdk=iphoneos*]" = "iPhone Developer";
				DEVELOPMENT_TEAM = 6VUM75Z68A;
				FRAMEWORK_SEARCH_PATHS = (
					"$(inherited)",
					"$(PROJECT_DIR)",
				);
				INFOPLIST_FILE = PhotoSNS/Info.plist;
				LD_RUNPATH_SEARCH_PATHS = "$(inherited) @executable_path/Frameworks";
				PRODUCT_BUNDLE_IDENTIFIER = "jp.techacademy.critical-bug.PhotoSNS";
				PRODUCT_NAME = "$(TARGET_NAME)";
				SWIFT_OBJC_BRIDGING_HEADER = "PhotoSNS-bridging-Header.h";
				"SWIFT_OBJC_BRIDGING_HEADER[arch=*]" = "PhotoSNS-bridging-Header.h";
				SWIFT_VERSION = 3.0;
			};
			name = Release;
		};
/* End XCBuildConfiguration section */

/* Begin XCConfigurationList section */
		9524997F1E4827E8006353C0 /* Build configuration list for PBXProject "PhotoSNS" */ = {
			isa = XCConfigurationList;
			buildConfigurations = (
				952499941E4827E9006353C0 /* Debug */,
				952499951E4827E9006353C0 /* Release */,
			);
			defaultConfigurationIsVisible = 0;
			defaultConfigurationName = Release;
		};
		952499961E4827E9006353C0 /* Build configuration list for PBXNativeTarget "PhotoSNS" */ = {
			isa = XCConfigurationList;
			buildConfigurations = (
				952499971E4827E9006353C0 /* Debug */,
				952499981E4827E9006353C0 /* Release */,
			);
			defaultConfigurationIsVisible = 0;
			defaultConfigurationName = Release;
		};
/* End XCConfigurationList section */
	};
	rootObject = 9524997C1E4827E8006353C0 /* Project object */;
}
